
Microsoft Visual Studio Solution File, Format Version 12.00
# Visual Studio Version 16
VisualStudioVersion = 16.6.30114.105
MinimumVisualStudioVersion = 10.0.40219.1
Project("{FAE04EC0-301F-11D3-BF4B-00C04F79EFBC}") = "GameTOP", "GameTOP\GameTOP.csproj", "{9A0CE77D-3401-4654-BC2A-BC8C56A0E26B}"
EndProject
Project("{FAE04EC0-301F-11D3-BF4B-00C04F79EFBC}") = "GameTOP.lib", "GameTOP.lib\GameTOP.lib.csproj", "{1A0EEED6-A1EC-4285-B49F-A78E7C74A90D}"
EndProject
Project("{FAE04EC0-301F-11D3-BF4B-00C04F79EFBC}") = "GameTOP.Interface", "GameTOP.Interface\GameTOP.Interface.csproj", "{FACEC156-FDD2-47F6-B4F4-FA6FC1091A77}"
EndProject
Global
	GlobalSection(SolutionConfigurationPlatforms) = preSolution
		Debug|Any CPU = Debug|Any CPU
		Debug|x64 = Debug|x64
		Debug|x86 = Debug|x86
		Release|Any CPU = Release|Any CPU
		Release|x64 = Release|x64
		Release|x86 = Release|x86
	EndGlobalSection
	GlobalSection(SolutionProperties) = preSolution
		HideSolutionNode = FALSE
	EndGlobalSection
	GlobalSection(ProjectConfigurationPlatforms) = postSolution
		{9A0CE77D-3401-4654-BC2A-BC8C56A0E26B}.Debug|Any CPU.ActiveCfg = Debug|Any CPU
		{9A0CE77D-3401-4654-BC2A-BC8C56A0E26B}.Debug|Any CPU.Build.0 = Debug|Any CPU
		{9A0CE77D-3401-4654-BC2A-BC8C56A0E26B}.Debug|x64.ActiveCfg = Debug|Any CPU
		{9A0CE77D-3401-4654-BC2A-BC8C56A0E26B}.Debug|x64.Build.0 = Debug|Any CPU
		{9A0CE77D-3401-4654-BC2A-BC8C56A0E26B}.Debug|x86.ActiveCfg = Debug|Any CPU
		{9A0CE77D-3401-4654-BC2A-BC8C56A0E26B}.Debug|x86.Build.0 = Debug|Any CPU
		{9A0CE77D-3401-4654-BC2A-BC8C56A0E26B}.Release|Any CPU.ActiveCfg = Release|Any CPU
		{9A0CE77D-3401-4654-BC2A-BC8C56A0E26B}.Release|Any CPU.Build.0 = Release|Any CPU
		{9A0CE77D-3401-4654-BC2A-BC8C56A0E26B}.Release|x64.ActiveCfg = Release|Any CPU
		{9A0CE77D-3401-4654-BC2A-BC8C56A0E26B}.Release|x64.Build.0 = Release|Any CPU
		{9A0CE77D-3401-4654-BC2A-BC8C56A0E26B}.Release|x86.ActiveCfg = Release|Any CPU
		{9A0CE77D-3401-4654-BC2A-BC8C56A0E26B}.Release|x86.Build.0 = Release|Any CPU
		{1A0EEED6-A1EC-4285-B49F-A78E7C74A90D}.Debug|Any CPU.ActiveCfg = Debug|Any CPU
		{1A0EEED6-A1EC-4285-B49F-A78E7C74A90D}.Debug|Any CPU.Build.0 = Debug|Any CPU
		{1A0EEED6-A1EC-4285-B49F-A78E7C74A90D}.Debug|x64.ActiveCfg = Debug|Any CPU
		{1A0EEED6-A1EC-4285-B49F-A78E7C74A90D}.Debug|x64.Build.0 = Debug|Any CPU
		{1A0EEED6-A1EC-4285-B49F-A78E7C74A90D}.Debug|x86.ActiveCfg = Debug|Any CPU
		{1A0EEED6-A1EC-4285-B49F-A78E7C74A90D}.Debug|x86.Build.0 = Debug|Any CPU
		{1A0EEED6-A1EC-4285-B49F-A78E7C74A90D}.Release|Any CPU.ActiveCfg = Release|Any CPU
		{1A0EEED6-A1EC-4285-B49F-A78E7C74A90D}.Release|Any CPU.Build.0 = Release|Any CPU
		{1A0EEED6-A1EC-4285-B49F-A78E7C74A90D}.Release|x64.ActiveCfg = Release|Any CPU
		{1A0EEED6-A1EC-4285-B49F-A78E7C74A90D}.Release|x64.Build.0 = Release|Any CPU
		{1A0EEED6-A1EC-4285-B49F-A78E7C74A90D}.Release|x86.ActiveCfg = Release|Any CPU
		{1A0EEED6-A1EC-4285-B49F-A78E7C74A90D}.Release|x86.Build.0 = Release|Any CPU
		{FACEC156-FDD2-47F6-B4F4-FA6FC1091A77}.Debug|Any CPU.ActiveCfg = Debug|Any CPU
		{FACEC156-FDD2-47F6-B4F4-FA6FC1091A77}.Debug|Any CPU.Build.0 = Debug|Any CPU
		{FACEC156-FDD2-47F6-B4F4-FA6FC1091A77}.Debug|x64.ActiveCfg = Debug|Any CPU
		{FACEC156-FDD2-47F6-B4F4-FA6FC1091A77}.Debug|x64.Build.0 = Debug|Any CPU
		{FACEC156-FDD2-47F6-B4F4-FA6FC1091A77}.Debug|x86.ActiveCfg = Debug|Any CPU
		{FACEC156-FDD2-47F6-B4F4-FA6FC1091A77}.Debug|x86.Build.0 = Debug|Any CPU
		{FACEC156-FDD2-47F6-B4F4-FA6FC1091A77}.Release|Any CPU.ActiveCfg = Release|Any CPU
		{FACEC156-FDD2-47F6-B4F4-FA6FC1091A77}.Release|Any CPU.Build.0 = Release|Any CPU
		{FACEC156-FDD2-47F6-B4F4-FA6FC1091A77}.Release|x64.ActiveCfg = Release|Any CPU
		{FACEC156-FDD2-47F6-B4F4-FA6FC1091A77}.Release|x64.Build.0 = Release|Any CPU
		{FACEC156-FDD2-47F6-B4F4-FA6FC1091A77}.Release|x86.ActiveCfg = Release|Any CPU
		{FACEC156-FDD2-47F6-B4F4-FA6FC1091A77}.Release|x86.Build.0 = Release|Any CPU
	EndGlobalSection
EndGlobal
